
Microsoft Visual Studio Solution File, Format Version 12.00
# Visual Studio Version 17
VisualStudioVersion = 17.10.35027.167
MinimumVisualStudioVersion = 10.0.40219.1
Project("{FAE04EC0-301F-11D3-BF4B-00C04F79EFBC}") = "Practica3App", "Practica3App\Practica3App.csproj", "{4C2E5A64-A0A4-4166-A282-925848497396}"
EndProject
Project("{FAE04EC0-301F-11D3-BF4B-00C04F79EFBC}") = "StudentSystemData", "StudentSystem\StudentSystemData.csproj", "{35B8C285-50B7-4988-9916-5907CA2B0767}"
EndProject
Global
	GlobalSection(SolutionConfigurationPlatforms) = preSolution
		Debug|Any CPU = Debug|Any CPU
		Release|Any CPU = Release|Any CPU
	EndGlobalSection
	GlobalSection(ProjectConfigurationPlatforms) = postSolution
		{4C2E5A64-A0A4-4166-A282-925848497396}.Debug|Any CPU.ActiveCfg = Debug|Any CPU
		{4C2E5A64-A0A4-4166-A282-925848497396}.Debug|Any CPU.Build.0 = Debug|Any CPU
		{4C2E5A64-A0A4-4166-A282-925848497396}.Release|Any CPU.ActiveCfg = Release|Any CPU
		{4C2E5A64-A0A4-4166-A282-925848497396}.Release|Any CPU.Build.0 = Release|Any CPU
		{35B8C285-50B7-4988-9916-5907CA2B0767}.Debug|Any CPU.ActiveCfg = Debug|Any CPU
		{35B8C285-50B7-4988-9916-5907CA2B0767}.Debug|Any CPU.Build.0 = Debug|Any CPU
		{35B8C285-50B7-4988-9916-5907CA2B0767}.Release|Any CPU.ActiveCfg = Release|Any CPU
		{35B8C285-50B7-4988-9916-5907CA2B0767}.Release|Any CPU.Build.0 = Release|Any CPU
	EndGlobalSection
	GlobalSection(SolutionProperties) = preSolution
		HideSolutionNode = FALSE
	EndGlobalSection
	GlobalSection(ExtensibilityGlobals) = postSolution
		SolutionGuid = {6166A298-7BB6-4060-AA62-0B9EA17D7BEA}
	EndGlobalSection
EndGlobal
